
Microsoft Visual Studio Solution File, Format Version 12.00
# Visual Studio 15
VisualStudioVersion = 15.0.28307.1401
MinimumVisualStudioVersion = 10.0.40219.1
Project("{FAE04EC0-301F-11D3-BF4B-00C04F79EFBC}") = "projectevents", "projectevents\projectevents.csproj", "{EFCF56CF-D854-4640-B516-045CB84CBE25}"
EndProject
Global
	GlobalSection(SolutionConfigurationPlatforms) = preSolution
		Debug|Any CPU = Debug|Any CPU
		Release|Any CPU = Release|Any CPU
	EndGlobalSection
	GlobalSection(ProjectConfigurationPlatforms) = postSolution
		{EFCF56CF-D854-4640-B516-045CB84CBE25}.Debug|Any CPU.ActiveCfg = Debug|Any CPU
		{EFCF56CF-D854-4640-B516-045CB84CBE25}.Debug|Any CPU.Build.0 = Debug|Any CPU
		{EFCF56CF-D854-4640-B516-045CB84CBE25}.Release|Any CPU.ActiveCfg = Release|Any CPU
		{EFCF56CF-D854-4640-B516-045CB84CBE25}.Release|Any CPU.Build.0 = Release|Any CPU
	EndGlobalSection
	GlobalSection(SolutionProperties) = preSolution
		HideSolutionNode = FALSE
	EndGlobalSection
	GlobalSection(ExtensibilityGlobals) = postSolution
		SolutionGuid = {81E4F9DD-EA6D-4573-9AC9-E60E80C70A2B}
	EndGlobalSection
EndGlobal
